
Microsoft Visual Studio Solution File, Format Version 12.00
# Visual Studio Version 16
VisualStudioVersion = 16.0.30114.105
MinimumVisualStudioVersion = 10.0.40219.1
Project("{FAE04EC0-301F-11D3-BF4B-00C04F79EFBC}") = "BirthDayNotifier", "BirthDayNotifier\BirthDayNotifier.csproj", "{B071CBB7-B27A-412D-B8C0-37B8C38F7CFC}"
EndProject
Project("{FAE04EC0-301F-11D3-BF4B-00C04F79EFBC}") = "BirthDayNotifier.Tests", "BirthDayNotifier.Tests\BirthDayNotifier.Tests.csproj", "{496FF00C-4EFB-4FE6-9CBF-E9783F116A21}"
EndProject
Global
	GlobalSection(SolutionProperties) = preSolution
		HideSolutionNode = FALSE
	EndGlobalSection
	GlobalSection(SolutionConfigurationPlatforms) = preSolution
		Debug|Any CPU = Debug|Any CPU
		Debug|x64 = Debug|x64
		Debug|x86 = Debug|x86
		Release|Any CPU = Release|Any CPU
		Release|x64 = Release|x64
		Release|x86 = Release|x86
	EndGlobalSection
	GlobalSection(ProjectConfigurationPlatforms) = postSolution
		{B071CBB7-B27A-412D-B8C0-37B8C38F7CFC}.Debug|Any CPU.ActiveCfg = Debug|Any CPU
		{B071CBB7-B27A-412D-B8C0-37B8C38F7CFC}.Debug|Any CPU.Build.0 = Debug|Any CPU
		{B071CBB7-B27A-412D-B8C0-37B8C38F7CFC}.Debug|x64.ActiveCfg = Debug|Any CPU
		{B071CBB7-B27A-412D-B8C0-37B8C38F7CFC}.Debug|x64.Build.0 = Debug|Any CPU
		{B071CBB7-B27A-412D-B8C0-37B8C38F7CFC}.Debug|x86.ActiveCfg = Debug|Any CPU
		{B071CBB7-B27A-412D-B8C0-37B8C38F7CFC}.Debug|x86.Build.0 = Debug|Any CPU
		{B071CBB7-B27A-412D-B8C0-37B8C38F7CFC}.Release|Any CPU.ActiveCfg = Release|Any CPU
		{B071CBB7-B27A-412D-B8C0-37B8C38F7CFC}.Release|Any CPU.Build.0 = Release|Any CPU
		{B071CBB7-B27A-412D-B8C0-37B8C38F7CFC}.Release|x64.ActiveCfg = Release|Any CPU
		{B071CBB7-B27A-412D-B8C0-37B8C38F7CFC}.Release|x64.Build.0 = Release|Any CPU
		{B071CBB7-B27A-412D-B8C0-37B8C38F7CFC}.Release|x86.ActiveCfg = Release|Any CPU
		{B071CBB7-B27A-412D-B8C0-37B8C38F7CFC}.Release|x86.Build.0 = Release|Any CPU
		{496FF00C-4EFB-4FE6-9CBF-E9783F116A21}.Debug|Any CPU.ActiveCfg = Debug|Any CPU
		{496FF00C-4EFB-4FE6-9CBF-E9783F116A21}.Debug|Any CPU.Build.0 = Debug|Any CPU
		{496FF00C-4EFB-4FE6-9CBF-E9783F116A21}.Debug|x64.ActiveCfg = Debug|Any CPU
		{496FF00C-4EFB-4FE6-9CBF-E9783F116A21}.Debug|x64.Build.0 = Debug|Any CPU
		{496FF00C-4EFB-4FE6-9CBF-E9783F116A21}.Debug|x86.ActiveCfg = Debug|Any CPU
		{496FF00C-4EFB-4FE6-9CBF-E9783F116A21}.Debug|x86.Build.0 = Debug|Any CPU
		{496FF00C-4EFB-4FE6-9CBF-E9783F116A21}.Release|Any CPU.ActiveCfg = Release|Any CPU
		{496FF00C-4EFB-4FE6-9CBF-E9783F116A21}.Release|Any CPU.Build.0 = Release|Any CPU
		{496FF00C-4EFB-4FE6-9CBF-E9783F116A21}.Release|x64.ActiveCfg = Release|Any CPU
		{496FF00C-4EFB-4FE6-9CBF-E9783F116A21}.Release|x64.Build.0 = Release|Any CPU
		{496FF00C-4EFB-4FE6-9CBF-E9783F116A21}.Release|x86.ActiveCfg = Release|Any CPU
		{496FF00C-4EFB-4FE6-9CBF-E9783F116A21}.Release|x86.Build.0 = Release|Any CPU
	EndGlobalSection
EndGlobal
